// !$*UTF8*$!
{
	archiveVersion = 1;
	classes = {
	};
	objectVersion = 46;
	objects = {

/* Begin PBXBuildFile section */
		053FFAE0CD3D6019A13E8A60 /* Pods_GenericProtocol.framework in Frameworks */ = {isa = PBXBuildFile; fileRef = 4A792DC04C5492D12D1F6452 /* Pods_GenericProtocol.framework */; };
		11B3F01F1F2226D100CA1575 /* AppDelegate.swift in Sources */ = {isa = PBXBuildFile; fileRef = 11B3F01E1F2226D100CA1575 /* AppDelegate.swift */; };
		11B3F0211F2226D100CA1575 /* MainViewController.swift in Sources */ = {isa = PBXBuildFile; fileRef = 11B3F0201F2226D100CA1575 /* MainViewController.swift */; };
		11B3F0241F2226D100CA1575 /* Main.storyboard in Resources */ = {isa = PBXBuildFile; fileRef = 11B3F0221F2226D100CA1575 /* Main.storyboard */; };
		11B3F0261F2226D100CA1575 /* Assets.xcassets in Resources */ = {isa = PBXBuildFile; fileRef = 11B3F0251F2226D100CA1575 /* Assets.xcassets */; };
		11B3F0291F2226D100CA1575 /* LaunchScreen.storyboard in Resources */ = {isa = PBXBuildFile; fileRef = 11B3F0271F2226D100CA1575 /* LaunchScreen.storyboard */; };
		11B3F0341F2226D100CA1575 /* GenericProtocolTests.swift in Sources */ = {isa = PBXBuildFile; fileRef = 11B3F0331F2226D100CA1575 /* GenericProtocolTests.swift */; };
		11B3F03F1F2226D100CA1575 /* GenericProtocolUITests.swift in Sources */ = {isa = PBXBuildFile; fileRef = 11B3F03E1F2226D100CA1575 /* GenericProtocolUITests.swift */; };
		11B3F04F1F22271C00CA1575 /* MyFirstModule.swift in Sources */ = {isa = PBXBuildFile; fileRef = 11B3F04E1F22271C00CA1575 /* MyFirstModule.swift */; };
		11B3F0511F22278C00CA1575 /* MySecondModule.swift in Sources */ = {isa = PBXBuildFile; fileRef = 11B3F0501F22278C00CA1575 /* MySecondModule.swift */; };
		11B3F0531F2227A900CA1575 /* MyThirdModule.swift in Sources */ = {isa = PBXBuildFile; fileRef = 11B3F0521F2227A900CA1575 /* MyThirdModule.swift */; };
		11B3F0551F2227F400CA1575 /* String+Class.swift in Sources */ = {isa = PBXBuildFile; fileRef = 11B3F0541F2227F400CA1575 /* String+Class.swift */; };
		11B3F0591F2230B200CA1575 /* ObjectCreator.m in Sources */ = {isa = PBXBuildFile; fileRef = 11B3F0581F2230B200CA1575 /* ObjectCreator.m */; };
		23E2BA5026F22A0300815627 /* ModuleRunner.swift in Sources */ = {isa = PBXBuildFile; fileRef = 23E2BA4F26F22A0300815627 /* ModuleRunner.swift */; };
		23E2BA5226F22A4800815627 /* MainInteractor.swift in Sources */ = {isa = PBXBuildFile; fileRef = 23E2BA5126F22A4800815627 /* MainInteractor.swift */; };
		23E2BA5426F22A5A00815627 /* MainWorker.swift in Sources */ = {isa = PBXBuildFile; fileRef = 23E2BA5326F22A5A00815627 /* MainWorker.swift */; };
		5505C45B2D56819DE0ADED6D /* Pods_GenericProtocolTests.framework in Frameworks */ = {isa = PBXBuildFile; fileRef = D579E2FAD0CB235111336E62 /* Pods_GenericProtocolTests.framework */; };
		8B9814F632074CC49E681F28 /* Pods_GenericProtocolUITests.framework in Frameworks */ = {isa = PBXBuildFile; fileRef = E39C5F5F5131D959EB34EA36 /* Pods_GenericProtocolUITests.framework */; };
		BB669B1C207BA5F7009C8546 /* GenericModule.swift in Sources */ = {isa = PBXBuildFile; fileRef = BB669B1B207BA5F7009C8546 /* GenericModule.swift */; };
		BB669B1E207BA63B009C8546 /* BinderManager.swift in Sources */ = {isa = PBXBuildFile; fileRef = BB669B1D207BA63B009C8546 /* BinderManager.swift */; };
/* End PBXBuildFile section */

/* Begin PBXContainerItemProxy section */
		11B3F0301F2226D100CA1575 /* PBXContainerItemProxy */ = {
			isa = PBXContainerItemProxy;
			containerPortal = 11B3F0131F2226D100CA1575 /* Project object */;
			proxyType = 1;
			remoteGlobalIDString = 11B3F01A1F2226D100CA1575;
			remoteInfo = GenericProtocol;
		};
		11B3F03B1F2226D100CA1575 /* PBXContainerItemProxy */ = {
			isa = PBXContainerItemProxy;
			containerPortal = 11B3F0131F2226D100CA1575 /* Project object */;
			proxyType = 1;
			remoteGlobalIDString = 11B3F01A1F2226D100CA1575;
			remoteInfo = GenericProtocol;
		};
/* End PBXContainerItemProxy section */

/* Begin PBXFileReference section */
		037E95535BC6E97ECCC6EA28 /* Pods-GenericProtocolTests.debug.xcconfig */ = {isa = PBXFileReference; includeInIndex = 1; lastKnownFileType = text.xcconfig; name = "Pods-GenericProtocolTests.debug.xcconfig"; path = "Pods/Target Support Files/Pods-GenericProtocolTests/Pods-GenericProtocolTests.debug.xcconfig"; sourceTree = "<group>"; };
		11B3F01B1F2226D100CA1575 /* GenericProtocol.app */ = {isa = PBXFileReference; explicitFileType = wrapper.application; includeInIndex = 0; path = GenericProtocol.app; sourceTree = BUILT_PRODUCTS_DIR; };
		11B3F01E1F2226D100CA1575 /* AppDelegate.swift */ = {isa = PBXFileReference; lastKnownFileType = sourcecode.swift; path = AppDelegate.swift; sourceTree = "<group>"; };
		11B3F0201F2226D100CA1575 /* MainViewController.swift */ = {isa = PBXFileReference; lastKnownFileType = sourcecode.swift; path = MainViewController.swift; sourceTree = "<group>"; };
		11B3F0231F2226D100CA1575 /* Base */ = {isa = PBXFileReference; lastKnownFileType = file.storyboard; name = Base; path = Base.lproj/Main.storyboard; sourceTree = "<group>"; };
		11B3F0251F2226D100CA1575 /* Assets.xcassets */ = {isa = PBXFileReference; lastKnownFileType = folder.assetcatalog; path = Assets.xcassets; sourceTree = "<group>"; };
		11B3F0281F2226D100CA1575 /* Base */ = {isa = PBXFileReference; lastKnownFileType = file.storyboard; name = Base; path = Base.lproj/LaunchScreen.storyboard; sourceTree = "<group>"; };
		11B3F02A1F2226D100CA1575 /* Info.plist */ = {isa = PBXFileReference; lastKnownFileType = text.plist.xml; path = Info.plist; sourceTree = "<group>"; };
		11B3F02F1F2226D100CA1575 /* GenericProtocolTests.xctest */ = {isa = PBXFileReference; explicitFileType = wrapper.cfbundle; includeInIndex = 0; path = GenericProtocolTests.xctest; sourceTree = BUILT_PRODUCTS_DIR; };
		11B3F0331F2226D100CA1575 /* GenericProtocolTests.swift */ = {isa = PBXFileReference; lastKnownFileType = sourcecode.swift; path = GenericProtocolTests.swift; sourceTree = "<group>"; };
		11B3F0351F2226D100CA1575 /* Info.plist */ = {isa = PBXFileReference; lastKnownFileType = text.plist.xml; path = Info.plist; sourceTree = "<group>"; };
		11B3F03A1F2226D100CA1575 /* GenericProtocolUITests.xctest */ = {isa = PBXFileReference; explicitFileType = wrapper.cfbundle; includeInIndex = 0; path = GenericProtocolUITests.xctest; sourceTree = BUILT_PRODUCTS_DIR; };
		11B3F03E1F2226D100CA1575 /* GenericProtocolUITests.swift */ = {isa = PBXFileReference; lastKnownFileType = sourcecode.swift; path = GenericProtocolUITests.swift; sourceTree = "<group>"; };
		11B3F0401F2226D100CA1575 /* Info.plist */ = {isa = PBXFileReference; lastKnownFileType = text.plist.xml; path = Info.plist; sourceTree = "<group>"; };
		11B3F04E1F22271C00CA1575 /* MyFirstModule.swift */ = {isa = PBXFileReference; fileEncoding = 4; lastKnownFileType = sourcecode.swift; path = MyFirstModule.swift; sourceTree = "<group>"; };
		11B3F0501F22278C00CA1575 /* MySecondModule.swift */ = {isa = PBXFileReference; fileEncoding = 4; lastKnownFileType = sourcecode.swift; path = MySecondModule.swift; sourceTree = "<group>"; };
		11B3F0521F2227A900CA1575 /* MyThirdModule.swift */ = {isa = PBXFileReference; fileEncoding = 4; lastKnownFileType = sourcecode.swift; path = MyThirdModule.swift; sourceTree = "<group>"; };
		11B3F0541F2227F400CA1575 /* String+Class.swift */ = {isa = PBXFileReference; fileEncoding = 4; lastKnownFileType = sourcecode.swift; path = "String+Class.swift"; sourceTree = "<group>"; };
		11B3F0561F2230B100CA1575 /* GenericProtocol-Bridging-Header.h */ = {isa = PBXFileReference; lastKnownFileType = sourcecode.c.h; path = "GenericProtocol-Bridging-Header.h"; sourceTree = "<group>"; };
		11B3F0571F2230B200CA1575 /* ObjectCreator.h */ = {isa = PBXFileReference; fileEncoding = 4; lastKnownFileType = sourcecode.c.h; path = ObjectCreator.h; sourceTree = "<group>"; };
		11B3F0581F2230B200CA1575 /* ObjectCreator.m */ = {isa = PBXFileReference; fileEncoding = 4; lastKnownFileType = sourcecode.c.objc; path = ObjectCreator.m; sourceTree = "<group>"; };
		23E2BA4F26F22A0300815627 /* ModuleRunner.swift */ = {isa = PBXFileReference; lastKnownFileType = sourcecode.swift; path = ModuleRunner.swift; sourceTree = "<group>"; };
		23E2BA5126F22A4800815627 /* MainInteractor.swift */ = {isa = PBXFileReference; lastKnownFileType = sourcecode.swift; path = MainInteractor.swift; sourceTree = "<group>"; };
		23E2BA5326F22A5A00815627 /* MainWorker.swift */ = {isa = PBXFileReference; lastKnownFileType = sourcecode.swift; path = MainWorker.swift; sourceTree = "<group>"; };
		4A792DC04C5492D12D1F6452 /* Pods_GenericProtocol.framework */ = {isa = PBXFileReference; explicitFileType = wrapper.framework; includeInIndex = 0; path = Pods_GenericProtocol.framework; sourceTree = BUILT_PRODUCTS_DIR; };
		5851BD740564A6CA9079DD0E /* Pods-GenericProtocolTests.release.xcconfig */ = {isa = PBXFileReference; includeInIndex = 1; lastKnownFileType = text.xcconfig; name = "Pods-GenericProtocolTests.release.xcconfig"; path = "Pods/Target Support Files/Pods-GenericProtocolTests/Pods-GenericProtocolTests.release.xcconfig"; sourceTree = "<group>"; };
		798D7F0912533B9606B2FB81 /* Pods-GenericProtocol.release.xcconfig */ = {isa = PBXFileReference; includeInIndex = 1; lastKnownFileType = text.xcconfig; name = "Pods-GenericProtocol.release.xcconfig"; path = "Pods/Target Support Files/Pods-GenericProtocol/Pods-GenericProtocol.release.xcconfig"; sourceTree = "<group>"; };
		AAE8374A2C42B627656A8FC3 /* Pods-GenericProtocolUITests.debug.xcconfig */ = {isa = PBXFileReference; includeInIndex = 1; lastKnownFileType = text.xcconfig; name = "Pods-GenericProtocolUITests.debug.xcconfig"; path = "Pods/Target Support Files/Pods-GenericProtocolUITests/Pods-GenericProtocolUITests.debug.xcconfig"; sourceTree = "<group>"; };
		BB669B1B207BA5F7009C8546 /* GenericModule.swift */ = {isa = PBXFileReference; lastKnownFileType = sourcecode.swift; path = GenericModule.swift; sourceTree = "<group>"; };
		BB669B1D207BA63B009C8546 /* BinderManager.swift */ = {isa = PBXFileReference; fileEncoding = 4; lastKnownFileType = sourcecode.swift; path = BinderManager.swift; sourceTree = "<group>"; };
		D579E2FAD0CB235111336E62 /* Pods_GenericProtocolTests.framework */ = {isa = PBXFileReference; explicitFileType = wrapper.framework; includeInIndex = 0; path = Pods_GenericProtocolTests.framework; sourceTree = BUILT_PRODUCTS_DIR; };
		E1A54383292941B61B1D81A5 /* Pods-GenericProtocolUITests.release.xcconfig */ = {isa = PBXFileReference; includeInIndex = 1; lastKnownFileType = text.xcconfig; name = "Pods-GenericProtocolUITests.release.xcconfig"; path = "Pods/Target Support Files/Pods-GenericProtocolUITests/Pods-GenericProtocolUITests.release.xcconfig"; sourceTree = "<group>"; };
		E39C5F5F5131D959EB34EA36 /* Pods_GenericProtocolUITests.framework */ = {isa = PBXFileReference; explicitFileType = wrapper.framework; includeInIndex = 0; path = Pods_GenericProtocolUITests.framework; sourceTree = BUILT_PRODUCTS_DIR; };
		E3A5FEF1978DB9B7960EE845 /* Pods-GenericProtocol.debug.xcconfig */ = {isa = PBXFileReference; includeInIndex = 1; lastKnownFileType = text.xcconfig; name = "Pods-GenericProtocol.debug.xcconfig"; path = "Pods/Target Support Files/Pods-GenericProtocol/Pods-GenericProtocol.debug.xcconfig"; sourceTree = "<group>"; };
/* End PBXFileReference section */

/* Begin PBXFrameworksBuildPhase section */
		11B3F0181F2226D100CA1575 /* Frameworks */ = {
			isa = PBXFrameworksBuildPhase;
			buildActionMask = 2147483647;
			files = (
				053FFAE0CD3D6019A13E8A60 /* Pods_GenericProtocol.framework in Frameworks */,
			);
			runOnlyForDeploymentPostprocessing = 0;
		};
		11B3F02C1F2226D100CA1575 /* Frameworks */ = {
			isa = PBXFrameworksBuildPhase;
			buildActionMask = 2147483647;
			files = (
				5505C45B2D56819DE0ADED6D /* Pods_GenericProtocolTests.framework in Frameworks */,
			);
			runOnlyForDeploymentPostprocessing = 0;
		};
		11B3F0371F2226D100CA1575 /* Frameworks */ = {
			isa = PBXFrameworksBuildPhase;
			buildActionMask = 2147483647;
			files = (
				8B9814F632074CC49E681F28 /* Pods_GenericProtocolUITests.framework in Frameworks */,
			);
			runOnlyForDeploymentPostprocessing = 0;
		};
/* End PBXFrameworksBuildPhase section */

/* Begin PBXGroup section */
		11B3F0121F2226D100CA1575 = {
			isa = PBXGroup;
			children = (
				11B3F01D1F2226D100CA1575 /* GenericProtocol */,
				11B3F0321F2226D100CA1575 /* GenericProtocolTests */,
				11B3F03D1F2226D100CA1575 /* GenericProtocolUITests */,
				11B3F01C1F2226D100CA1575 /* Products */,
				6F5C406A2DA8FE4BDC1966FC /* Pods */,
				9DD4A5AFE79D66B2E36AC324 /* Frameworks */,
			);
			sourceTree = "<group>";
		};
		11B3F01C1F2226D100CA1575 /* Products */ = {
			isa = PBXGroup;
			children = (
				11B3F01B1F2226D100CA1575 /* GenericProtocol.app */,
				11B3F02F1F2226D100CA1575 /* GenericProtocolTests.xctest */,
				11B3F03A1F2226D100CA1575 /* GenericProtocolUITests.xctest */,
			);
			name = Products;
			sourceTree = "<group>";
		};
		11B3F01D1F2226D100CA1575 /* GenericProtocol */ = {
			isa = PBXGroup;
			children = (
				23E2BA4C26F229A600815627 /* Screens */,
				23E2BA4A26F2295800815627 /* Models */,
				23E2BA4E26F229EF00815627 /* ModuleRunner */,
				23E2BA4926F2293C00815627 /* Extensions */,
				23E2BA4726F228EF00815627 /* Managers */,
				23E2BA4826F2290A00815627 /* Modules */,
				23E2BA4B26F2297800815627 /* ObjectCreator */,
				11B3F01E1F2226D100CA1575 /* AppDelegate.swift */,
				11B3F0221F2226D100CA1575 /* Main.storyboard */,
				11B3F0251F2226D100CA1575 /* Assets.xcassets */,
				11B3F0271F2226D100CA1575 /* LaunchScreen.storyboard */,
				11B3F02A1F2226D100CA1575 /* Info.plist */,
				11B3F0561F2230B100CA1575 /* GenericProtocol-Bridging-Header.h */,
			);
			path = GenericProtocol;
			sourceTree = "<group>";
		};
		11B3F0321F2226D100CA1575 /* GenericProtocolTests */ = {
			isa = PBXGroup;
			children = (
				11B3F0331F2226D100CA1575 /* GenericProtocolTests.swift */,
				11B3F0351F2226D100CA1575 /* Info.plist */,
			);
			path = GenericProtocolTests;
			sourceTree = "<group>";
		};
		11B3F03D1F2226D100CA1575 /* GenericProtocolUITests */ = {
			isa = PBXGroup;
			children = (
				11B3F03E1F2226D100CA1575 /* GenericProtocolUITests.swift */,
				11B3F0401F2226D100CA1575 /* Info.plist */,
			);
			path = GenericProtocolUITests;
			sourceTree = "<group>";
		};
		23E2BA4726F228EF00815627 /* Managers */ = {
			isa = PBXGroup;
			children = (
				BB669B1D207BA63B009C8546 /* BinderManager.swift */,
			);
			path = Managers;
			sourceTree = "<group>";
		};
		23E2BA4826F2290A00815627 /* Modules */ = {
			isa = PBXGroup;
			children = (
				11B3F04E1F22271C00CA1575 /* MyFirstModule.swift */,
				11B3F0501F22278C00CA1575 /* MySecondModule.swift */,
				11B3F0521F2227A900CA1575 /* MyThirdModule.swift */,
			);
			path = Modules;
			sourceTree = "<group>";
		};
		23E2BA4926F2293C00815627 /* Extensions */ = {
			isa = PBXGroup;
			children = (
				11B3F0541F2227F400CA1575 /* String+Class.swift */,
			);
			path = Extensions;
			sourceTree = "<group>";
		};
		23E2BA4A26F2295800815627 /* Models */ = {
			isa = PBXGroup;
			children = (
				BB669B1B207BA5F7009C8546 /* GenericModule.swift */,
			);
			path = Models;
			sourceTree = "<group>";
		};
		23E2BA4B26F2297800815627 /* ObjectCreator */ = {
			isa = PBXGroup;
			children = (
				11B3F0571F2230B200CA1575 /* ObjectCreator.h */,
				11B3F0581F2230B200CA1575 /* ObjectCreator.m */,
			);
			path = ObjectCreator;
			sourceTree = "<group>";
		};
		23E2BA4C26F229A600815627 /* Screens */ = {
			isa = PBXGroup;
			children = (
				23E2BA4D26F229B100815627 /* Main */,
			);
			path = Screens;
			sourceTree = "<group>";
		};
		23E2BA4D26F229B100815627 /* Main */ = {
			isa = PBXGroup;
			children = (
				11B3F0201F2226D100CA1575 /* MainViewController.swift */,
				23E2BA5126F22A4800815627 /* MainInteractor.swift */,
				23E2BA5326F22A5A00815627 /* MainWorker.swift */,
			);
			path = Main;
			sourceTree = "<group>";
		};
		23E2BA4E26F229EF00815627 /* ModuleRunner */ = {
			isa = PBXGroup;
			children = (
				23E2BA4F26F22A0300815627 /* ModuleRunner.swift */,
			);
			path = ModuleRunner;
			sourceTree = "<group>";
		};
		6F5C406A2DA8FE4BDC1966FC /* Pods */ = {
			isa = PBXGroup;
			children = (
				E3A5FEF1978DB9B7960EE845 /* Pods-GenericProtocol.debug.xcconfig */,
				798D7F0912533B9606B2FB81 /* Pods-GenericProtocol.release.xcconfig */,
				037E95535BC6E97ECCC6EA28 /* Pods-GenericProtocolTests.debug.xcconfig */,
				5851BD740564A6CA9079DD0E /* Pods-GenericProtocolTests.release.xcconfig */,
				AAE8374A2C42B627656A8FC3 /* Pods-GenericProtocolUITests.debug.xcconfig */,
				E1A54383292941B61B1D81A5 /* Pods-GenericProtocolUITests.release.xcconfig */,
			);
			name = Pods;
			sourceTree = "<group>";
		};
		9DD4A5AFE79D66B2E36AC324 /* Frameworks */ = {
			isa = PBXGroup;
			children = (
				4A792DC04C5492D12D1F6452 /* Pods_GenericProtocol.framework */,
				D579E2FAD0CB235111336E62 /* Pods_GenericProtocolTests.framework */,
				E39C5F5F5131D959EB34EA36 /* Pods_GenericProtocolUITests.framework */,
			);
			name = Frameworks;
			sourceTree = "<group>";
		};
/* End PBXGroup section */

/* Begin PBXNativeTarget section */
		11B3F01A1F2226D100CA1575 /* GenericProtocol */ = {
			isa = PBXNativeTarget;
			buildConfigurationList = 11B3F0431F2226D100CA1575 /* Build configuration list for PBXNativeTarget "GenericProtocol" */;
			buildPhases = (
				A4559A3A5C647406F67F06C8 /* [CP] Check Pods Manifest.lock */,
				11B3F0171F2226D100CA1575 /* Sources */,
				11B3F0181F2226D100CA1575 /* Frameworks */,
				11B3F0191F2226D100CA1575 /* Resources */,
				963B3A575AC4444E24A1DB57 /* [CP] Embed Pods Frameworks */,
			);
			buildRules = (
			);
			dependencies = (
			);
			name = GenericProtocol;
			productName = GenericProtocol;
			productReference = 11B3F01B1F2226D100CA1575 /* GenericProtocol.app */;
			productType = "com.apple.product-type.application";
		};
		11B3F02E1F2226D100CA1575 /* GenericProtocolTests */ = {
			isa = PBXNativeTarget;
			buildConfigurationList = 11B3F0461F2226D100CA1575 /* Build configuration list for PBXNativeTarget "GenericProtocolTests" */;
			buildPhases = (
				CD0A74B903C6EEF1C85F9FB4 /* [CP] Check Pods Manifest.lock */,
				11B3F02B1F2226D100CA1575 /* Sources */,
				11B3F02C1F2226D100CA1575 /* Frameworks */,
				11B3F02D1F2226D100CA1575 /* Resources */,
			);
			buildRules = (
			);
			dependencies = (
				11B3F0311F2226D100CA1575 /* PBXTargetDependency */,
			);
			name = GenericProtocolTests;
			productName = GenericProtocolTests;
			productReference = 11B3F02F1F2226D100CA1575 /* GenericProtocolTests.xctest */;
			productType = "com.apple.product-type.bundle.unit-test";
		};
		11B3F0391F2226D100CA1575 /* GenericProtocolUITests */ = {
			isa = PBXNativeTarget;
			buildConfigurationList = 11B3F0491F2226D100CA1575 /* Build configuration list for PBXNativeTarget "GenericProtocolUITests" */;
			buildPhases = (
				CB16EC736CA293CFB3981D66 /* [CP] Check Pods Manifest.lock */,
				11B3F0361F2226D100CA1575 /* Sources */,
				11B3F0371F2226D100CA1575 /* Frameworks */,
				11B3F0381F2226D100CA1575 /* Resources */,
			);
			buildRules = (
			);
			dependencies = (
				11B3F03C1F2226D100CA1575 /* PBXTargetDependency */,
			);
			name = GenericProtocolUITests;
			productName = GenericProtocolUITests;
			productReference = 11B3F03A1F2226D100CA1575 /* GenericProtocolUITests.xctest */;
			productType = "com.apple.product-type.bundle.ui-testing";
		};
/* End PBXNativeTarget section */

/* Begin PBXProject section */
		11B3F0131F2226D100CA1575 /* Project object */ = {
			isa = PBXProject;
			attributes = {
				LastSwiftUpdateCheck = 0830;
				LastUpgradeCheck = 1250;
				ORGANIZATIONNAME = Tibo;
				TargetAttributes = {
					11B3F01A1F2226D100CA1575 = {
						CreatedOnToolsVersion = 8.3.3;
						LastSwiftMigration = 0830;
						ProvisioningStyle = Automatic;
					};
					11B3F02E1F2226D100CA1575 = {
						CreatedOnToolsVersion = 8.3.3;
						ProvisioningStyle = Automatic;
						TestTargetID = 11B3F01A1F2226D100CA1575;
					};
					11B3F0391F2226D100CA1575 = {
						CreatedOnToolsVersion = 8.3.3;
						ProvisioningStyle = Automatic;
						TestTargetID = 11B3F01A1F2226D100CA1575;
					};
				};
			};
			buildConfigurationList = 11B3F0161F2226D100CA1575 /* Build configuration list for PBXProject "GenericProtocol" */;
			compatibilityVersion = "Xcode 3.2";
			developmentRegion = en;
			hasScannedForEncodings = 0;
			knownRegions = (
				en,
				Base,
			);
			mainGroup = 11B3F0121F2226D100CA1575;
			productRefGroup = 11B3F01C1F2226D100CA1575 /* Products */;
			projectDirPath = "";
			projectRoot = "";
			targets = (
				11B3F01A1F2226D100CA1575 /* GenericProtocol */,
				11B3F02E1F2226D100CA1575 /* GenericProtocolTests */,
				11B3F0391F2226D100CA1575 /* GenericProtocolUITests */,
			);
		};
/* End PBXProject section */

/* Begin PBXResourcesBuildPhase section */
		11B3F0191F2226D100CA1575 /* Resources */ = {
			isa = PBXResourcesBuildPhase;
			buildActionMask = 2147483647;
			files = (
				11B3F0291F2226D100CA1575 /* LaunchScreen.storyboard in Resources */,
				11B3F0261F2226D100CA1575 /* Assets.xcassets in Resources */,
				11B3F0241F2226D100CA1575 /* Main.storyboard in Resources */,
			);
			runOnlyForDeploymentPostprocessing = 0;
		};
		11B3F02D1F2226D100CA1575 /* Resources */ = {
			isa = PBXResourcesBuildPhase;
			buildActionMask = 2147483647;
			files = (
			);
			runOnlyForDeploymentPostprocessing = 0;
		};
		11B3F0381F2226D100CA1575 /* Resources */ = {
			isa = PBXResourcesBuildPhase;
			buildActionMask = 2147483647;
			files = (
			);
			runOnlyForDeploymentPostprocessing = 0;
		};
/* End PBXResourcesBuildPhase section */

/* Begin PBXShellScriptBuildPhase section */
		963B3A575AC4444E24A1DB57 /* [CP] Embed Pods Frameworks */ = {
			isa = PBXShellScriptBuildPhase;
			buildActionMask = 2147483647;
			files = (
			);
			inputPaths = (
				"${PODS_ROOT}/Target Support Files/Pods-GenericProtocol/Pods-GenericProtocol-frameworks.sh",
				"${BUILT_PRODUCTS_DIR}/Alamofire/Alamofire.framework",
				"${BUILT_PRODUCTS_DIR}/Gloss/Gloss.framework",
			);
			name = "[CP] Embed Pods Frameworks";
			outputPaths = (
				"${TARGET_BUILD_DIR}/${FRAMEWORKS_FOLDER_PATH}/Alamofire.framework",
				"${TARGET_BUILD_DIR}/${FRAMEWORKS_FOLDER_PATH}/Gloss.framework",
			);
			runOnlyForDeploymentPostprocessing = 0;
			shellPath = /bin/sh;
			shellScript = "\"${PODS_ROOT}/Target Support Files/Pods-GenericProtocol/Pods-GenericProtocol-frameworks.sh\"\n";
			showEnvVarsInLog = 0;
		};
		A4559A3A5C647406F67F06C8 /* [CP] Check Pods Manifest.lock */ = {
			isa = PBXShellScriptBuildPhase;
			buildActionMask = 2147483647;
			files = (
			);
			inputPaths = (
				"${PODS_PODFILE_DIR_PATH}/Podfile.lock",
				"${PODS_ROOT}/Manifest.lock",
			);
			name = "[CP] Check Pods Manifest.lock";
			outputPaths = (
				"$(DERIVED_FILE_DIR)/Pods-GenericProtocol-checkManifestLockResult.txt",
			);
			runOnlyForDeploymentPostprocessing = 0;
			shellPath = /bin/sh;
			shellScript = "diff \"${PODS_PODFILE_DIR_PATH}/Podfile.lock\" \"${PODS_ROOT}/Manifest.lock\" > /dev/null\nif [ $? != 0 ] ; then\n    # print error to STDERR\n    echo \"error: The sandbox is not in sync with the Podfile.lock. Run 'pod install' or update your CocoaPods installation.\" >&2\n    exit 1\nfi\n# This output is used by Xcode 'outputs' to avoid re-running this script phase.\necho \"SUCCESS\" > \"${SCRIPT_OUTPUT_FILE_0}\"\n";
			showEnvVarsInLog = 0;
		};
		CB16EC736CA293CFB3981D66 /* [CP] Check Pods Manifest.lock */ = {
			isa = PBXShellScriptBuildPhase;
			buildActionMask = 2147483647;
			files = (
			);
			inputPaths = (
				"${PODS_PODFILE_DIR_PATH}/Podfile.lock",
				"${PODS_ROOT}/Manifest.lock",
			);
			name = "[CP] Check Pods Manifest.lock";
			outputPaths = (
				"$(DERIVED_FILE_DIR)/Pods-GenericProtocolUITests-checkManifestLockResult.txt",
			);
			runOnlyForDeploymentPostprocessing = 0;
			shellPath = /bin/sh;
			shellScript = "diff \"${PODS_PODFILE_DIR_PATH}/Podfile.lock\" \"${PODS_ROOT}/Manifest.lock\" > /dev/null\nif [ $? != 0 ] ; then\n    # print error to STDERR\n    echo \"error: The sandbox is not in sync with the Podfile.lock. Run 'pod install' or update your CocoaPods installation.\" >&2\n    exit 1\nfi\n# This output is used by Xcode 'outputs' to avoid re-running this script phase.\necho \"SUCCESS\" > \"${SCRIPT_OUTPUT_FILE_0}\"\n";
			showEnvVarsInLog = 0;
		};
		CD0A74B903C6EEF1C85F9FB4 /* [CP] Check Pods Manifest.lock */ = {
			isa = PBXShellScriptBuildPhase;
			buildActionMask = 2147483647;
			files = (
			);
			inputPaths = (
				"${PODS_PODFILE_DIR_PATH}/Podfile.lock",
				"${PODS_ROOT}/Manifest.lock",
			);
			name = "[CP] Check Pods Manifest.lock";
			outputPaths = (
				"$(DERIVED_FILE_DIR)/Pods-GenericProtocolTests-checkManifestLockResult.txt",
			);
			runOnlyForDeploymentPostprocessing = 0;
			shellPath = /bin/sh;
			shellScript = "diff \"${PODS_PODFILE_DIR_PATH}/Podfile.lock\" \"${PODS_ROOT}/Manifest.lock\" > /dev/null\nif [ $? != 0 ] ; then\n    # print error to STDERR\n    echo \"error: The sandbox is not in sync with the Podfile.lock. Run 'pod install' or update your CocoaPods installation.\" >&2\n    exit 1\nfi\n# This output is used by Xcode 'outputs' to avoid re-running this script phase.\necho \"SUCCESS\" > \"${SCRIPT_OUTPUT_FILE_0}\"\n";
			showEnvVarsInLog = 0;
		};
/* End PBXShellScriptBuildPhase section */

/* Begin PBXSourcesBuildPhase section */
		11B3F0171F2226D100CA1575 /* Sources */ = {
			isa = PBXSourcesBuildPhase;
			buildActionMask = 2147483647;
			files = (
				BB669B1C207BA5F7009C8546 /* GenericModule.swift in Sources */,
				BB669B1E207BA63B009C8546 /* BinderManager.swift in Sources */,
				11B3F0511F22278C00CA1575 /* MySecondModule.swift in Sources */,
				11B3F0591F2230B200CA1575 /* ObjectCreator.m in Sources */,
				11B3F0211F2226D100CA1575 /* MainViewController.swift in Sources */,
				11B3F01F1F2226D100CA1575 /* AppDelegate.swift in Sources */,
				23E2BA5226F22A4800815627 /* MainInteractor.swift in Sources */,
				11B3F0531F2227A900CA1575 /* MyThirdModule.swift in Sources */,
				11B3F04F1F22271C00CA1575 /* MyFirstModule.swift in Sources */,
				11B3F0551F2227F400CA1575 /* String+Class.swift in Sources */,
				23E2BA5426F22A5A00815627 /* MainWorker.swift in Sources */,
				23E2BA5026F22A0300815627 /* ModuleRunner.swift in Sources */,
			);
			runOnlyForDeploymentPostprocessing = 0;
		};
		11B3F02B1F2226D100CA1575 /* Sources */ = {
			isa = PBXSourcesBuildPhase;
			buildActionMask = 2147483647;
			files = (
				11B3F0341F2226D100CA1575 /* GenericProtocolTests.swift in Sources */,
			);
			runOnlyForDeploymentPostprocessing = 0;
		};
		11B3F0361F2226D100CA1575 /* Sources */ = {
			isa = PBXSourcesBuildPhase;
			buildActionMask = 2147483647;
			files = (
				11B3F03F1F2226D100CA1575 /* GenericProtocolUITests.swift in Sources */,
			);
			runOnlyForDeploymentPostprocessing = 0;
		};
/* End PBXSourcesBuildPhase section */

/* Begin PBXTargetDependency section */
		11B3F0311F2226D100CA1575 /* PBXTargetDependency */ = {
			isa = PBXTargetDependency;
			target = 11B3F01A1F2226D100CA1575 /* GenericProtocol */;
			targetProxy = 11B3F0301F2226D100CA1575 /* PBXContainerItemProxy */;
		};
		11B3F03C1F2226D100CA1575 /* PBXTargetDependency */ = {
			isa = PBXTargetDependency;
			target = 11B3F01A1F2226D100CA1575 /* GenericProtocol */;
			targetProxy = 11B3F03B1F2226D100CA1575 /* PBXContainerItemProxy */;
		};
/* End PBXTargetDependency section */

/* Begin PBXVariantGroup section */
		11B3F0221F2226D100CA1575 /* Main.storyboard */ = {
			isa = PBXVariantGroup;
			children = (
				11B3F0231F2226D100CA1575 /* Base */,
			);
			name = Main.storyboard;
			sourceTree = "<group>";
		};
		11B3F0271F2226D100CA1575 /* LaunchScreen.storyboard */ = {
			isa = PBXVariantGroup;
			children = (
				11B3F0281F2226D100CA1575 /* Base */,
			);
			name = LaunchScreen.storyboard;
			sourceTree = "<group>";
		};
/* End PBXVariantGroup section */

/* Begin XCBuildConfiguration section */
		11B3F0411F2226D100CA1575 /* Debug */ = {
			isa = XCBuildConfiguration;
			buildSettings = {
				ALWAYS_SEARCH_USER_PATHS = NO;
				CLANG_ANALYZER_LOCALIZABILITY_NONLOCALIZED = YES;
				CLANG_ANALYZER_NONNULL = YES;
				CLANG_ANALYZER_NUMBER_OBJECT_CONVERSION = YES_AGGRESSIVE;
				CLANG_CXX_LANGUAGE_STANDARD = "gnu++0x";
				CLANG_CXX_LIBRARY = "libc++";
				CLANG_ENABLE_MODULES = YES;
				CLANG_ENABLE_OBJC_ARC = YES;
				CLANG_WARN_BLOCK_CAPTURE_AUTORELEASING = YES;
				CLANG_WARN_BOOL_CONVERSION = YES;
				CLANG_WARN_COMMA = YES;
				CLANG_WARN_CONSTANT_CONVERSION = YES;
				CLANG_WARN_DEPRECATED_OBJC_IMPLEMENTATIONS = YES;
				CLANG_WARN_DIRECT_OBJC_ISA_USAGE = YES_ERROR;
				CLANG_WARN_DOCUMENTATION_COMMENTS = YES;
				CLANG_WARN_EMPTY_BODY = YES;
				CLANG_WARN_ENUM_CONVERSION = YES;
				CLANG_WARN_INFINITE_RECURSION = YES;
				CLANG_WARN_INT_CONVERSION = YES;
				CLANG_WARN_NON_LITERAL_NULL_CONVERSION = YES;
				CLANG_WARN_OBJC_IMPLICIT_RETAIN_SELF = YES;
				CLANG_WARN_OBJC_LITERAL_CONVERSION = YES;
				CLANG_WARN_OBJC_ROOT_CLASS = YES_ERROR;
				CLANG_WARN_QUOTED_INCLUDE_IN_FRAMEWORK_HEADER = YES;
				CLANG_WARN_RANGE_LOOP_ANALYSIS = YES;
				CLANG_WARN_STRICT_PROTOTYPES = YES;
				CLANG_WARN_SUSPICIOUS_MOVE = YES;
				CLANG_WARN_UNREACHABLE_CODE = YES;
				CLANG_WARN__DUPLICATE_METHOD_MATCH = YES;
				"CODE_SIGN_IDENTITY[sdk=iphoneos*]" = "iPhone Developer";
				COPY_PHASE_STRIP = NO;
				DEBUG_INFORMATION_FORMAT = dwarf;
				ENABLE_STRICT_OBJC_MSGSEND = YES;
				ENABLE_TESTABILITY = YES;
				GCC_C_LANGUAGE_STANDARD = gnu99;
				GCC_DYNAMIC_NO_PIC = NO;
				GCC_NO_COMMON_BLOCKS = YES;
				GCC_OPTIMIZATION_LEVEL = 0;
				GCC_PREPROCESSOR_DEFINITIONS = (
					"DEBUG=1",
					"$(inherited)",
				);
				GCC_WARN_64_TO_32_BIT_CONVERSION = YES;
				GCC_WARN_ABOUT_RETURN_TYPE = YES_ERROR;
				GCC_WARN_UNDECLARED_SELECTOR = YES;
				GCC_WARN_UNINITIALIZED_AUTOS = YES_AGGRESSIVE;
				GCC_WARN_UNUSED_FUNCTION = YES;
				GCC_WARN_UNUSED_VARIABLE = YES;
				IPHONEOS_DEPLOYMENT_TARGET = 12.0;
				MTL_ENABLE_DEBUG_INFO = YES;
				ONLY_ACTIVE_ARCH = YES;
				SDKROOT = iphoneos;
				SWIFT_ACTIVE_COMPILATION_CONDITIONS = DEBUG;
				SWIFT_OPTIMIZATION_LEVEL = "-Onone";
				TARGETED_DEVICE_FAMILY = "1,2";
			};
			name = Debug;
		};
		11B3F0421F2226D100CA1575 /* Release */ = {
			isa = XCBuildConfiguration;
			buildSettings = {
				ALWAYS_SEARCH_USER_PATHS = NO;
				CLANG_ANALYZER_LOCALIZABILITY_NONLOCALIZED = YES;
				CLANG_ANALYZER_NONNULL = YES;
				CLANG_ANALYZER_NUMBER_OBJECT_CONVERSION = YES_AGGRESSIVE;
				CLANG_CXX_LANGUAGE_STANDARD = "gnu++0x";
				CLANG_CXX_LIBRARY = "libc++";
				CLANG_ENABLE_MODULES = YES;
				CLANG_ENABLE_OBJC_ARC = YES;
				CLANG_WARN_BLOCK_CAPTURE_AUTORELEASING = YES;
				CLANG_WARN_BOOL_CONVERSION = YES;
				CLANG_WARN_COMMA = YES;
				CLANG_WARN_CONSTANT_CONVERSION = YES;
				CLANG_WARN_DEPRECATED_OBJC_IMPLEMENTATIONS = YES;
				CLANG_WARN_DIRECT_OBJC_ISA_USAGE = YES_ERROR;
				CLANG_WARN_DOCUMENTATION_COMMENTS = YES;
				CLANG_WARN_EMPTY_BODY = YES;
				CLANG_WARN_ENUM_CONVERSION = YES;
				CLANG_WARN_INFINITE_RECURSION = YES;
				CLANG_WARN_INT_CONVERSION = YES;
				CLANG_WARN_NON_LITERAL_NULL_CONVERSION = YES;
				CLANG_WARN_OBJC_IMPLICIT_RETAIN_SELF = YES;
				CLANG_WARN_OBJC_LITERAL_CONVERSION = YES;
				CLANG_WARN_OBJC_ROOT_CLASS = YES_ERROR;
				CLANG_WARN_QUOTED_INCLUDE_IN_FRAMEWORK_HEADER = YES;
				CLANG_WARN_RANGE_LOOP_ANALYSIS = YES;
				CLANG_WARN_STRICT_PROTOTYPES = YES;
				CLANG_WARN_SUSPICIOUS_MOVE = YES;
				CLANG_WARN_UNREACHABLE_CODE = YES;
				CLANG_WARN__DUPLICATE_METHOD_MATCH = YES;
				"CODE_SIGN_IDENTITY[sdk=iphoneos*]" = "iPhone Developer";
				COPY_PHASE_STRIP = NO;
				DEBUG_INFORMATION_FORMAT = "dwarf-with-dsym";
				ENABLE_NS_ASSERTIONS = NO;
				ENABLE_STRICT_OBJC_MSGSEND = YES;
				GCC_C_LANGUAGE_STANDARD = gnu99;
				GCC_NO_COMMON_BLOCKS = YES;
				GCC_WARN_64_TO_32_BIT_CONVERSION = YES;
				GCC_WARN_ABOUT_RETURN_TYPE = YES_ERROR;
				GCC_WARN_UNDECLARED_SELECTOR = YES;
				GCC_WARN_UNINITIALIZED_AUTOS = YES_AGGRESSIVE;
				GCC_WARN_UNUSED_FUNCTION = YES;
				GCC_WARN_UNUSED_VARIABLE = YES;
				IPHONEOS_DEPLOYMENT_TARGET = 12.0;
				MTL_ENABLE_DEBUG_INFO = NO;
				SDKROOT = iphoneos;
				SWIFT_OPTIMIZATION_LEVEL = "-Owholemodule";
				TARGETED_DEVICE_FAMILY = "1,2";
				VALIDATE_PRODUCT = YES;
			};
			name = Release;
		};
		11B3F0441F2226D100CA1575 /* Debug */ = {
			isa = XCBuildConfiguration;
			baseConfigurationReference = E3A5FEF1978DB9B7960EE845 /* Pods-GenericProtocol.debug.xcconfig */;
			buildSettings = {
				ASSETCATALOG_COMPILER_APPICON_NAME = AppIcon;
				CLANG_ENABLE_MODULES = YES;
				INFOPLIST_FILE = GenericProtocol/Info.plist;
				LD_RUNPATH_SEARCH_PATHS = "$(inherited) @executable_path/Frameworks";
				PRODUCT_BUNDLE_IDENTIFIER = fr.plop.GenericProtocol;
				PRODUCT_NAME = "$(TARGET_NAME)";
				SWIFT_OBJC_BRIDGING_HEADER = "GenericProtocol/GenericProtocol-Bridging-Header.h";
				SWIFT_OPTIMIZATION_LEVEL = "-Onone";
				SWIFT_VERSION = 5.0;
			};
			name = Debug;
		};
		11B3F0451F2226D100CA1575 /* Release */ = {
			isa = XCBuildConfiguration;
			baseConfigurationReference = 798D7F0912533B9606B2FB81 /* Pods-GenericProtocol.release.xcconfig */;
			buildSettings = {
				ASSETCATALOG_COMPILER_APPICON_NAME = AppIcon;
				CLANG_ENABLE_MODULES = YES;
				INFOPLIST_FILE = GenericProtocol/Info.plist;
				LD_RUNPATH_SEARCH_PATHS = "$(inherited) @executable_path/Frameworks";
				PRODUCT_BUNDLE_IDENTIFIER = fr.plop.GenericProtocol;
				PRODUCT_NAME = "$(TARGET_NAME)";
				SWIFT_OBJC_BRIDGING_HEADER = "GenericProtocol/GenericProtocol-Bridging-Header.h";
				SWIFT_VERSION = 5.0;
			};
			name = Release;
		};
		11B3F0471F2226D100CA1575 /* Debug */ = {
			isa = XCBuildConfiguration;
			baseConfigurationReference = 037E95535BC6E97ECCC6EA28 /* Pods-GenericProtocolTests.debug.xcconfig */;
			buildSettings = {
				ALWAYS_EMBED_SWIFT_STANDARD_LIBRARIES = YES;
				BUNDLE_LOADER = "$(TEST_HOST)";
				INFOPLIST_FILE = GenericProtocolTests/Info.plist;
				LD_RUNPATH_SEARCH_PATHS = "$(inherited) @executable_path/Frameworks @loader_path/Frameworks";
				PRODUCT_BUNDLE_IDENTIFIER = fr.plop.GenericProtocolTests;
				PRODUCT_NAME = "$(TARGET_NAME)";
				SWIFT_VERSION = 3.0;
				TEST_HOST = "$(BUILT_PRODUCTS_DIR)/GenericProtocol.app/GenericProtocol";
			};
			name = Debug;
		};
		11B3F0481F2226D100CA1575 /* Release */ = {
			isa = XCBuildConfiguration;
			baseConfigurationReference = 5851BD740564A6CA9079DD0E /* Pods-GenericProtocolTests.release.xcconfig */;
			buildSettings = {
				ALWAYS_EMBED_SWIFT_STANDARD_LIBRARIES = YES;
				BUNDLE_LOADER = "$(TEST_HOST)";
				INFOPLIST_FILE = GenericProtocolTests/Info.plist;
				LD_RUNPATH_SEARCH_PATHS = "$(inherited) @executable_path/Frameworks @loader_path/Frameworks";
				PRODUCT_BUNDLE_IDENTIFIER = fr.plop.GenericProtocolTests;
				PRODUCT_NAME = "$(TARGET_NAME)";
				SWIFT_VERSION = 3.0;
				TEST_HOST = "$(BUILT_PRODUCTS_DIR)/GenericProtocol.app/GenericProtocol";
			};
			name = Release;
		};
		11B3F04A1F2226D100CA1575 /* Debug */ = {
			isa = XCBuildConfiguration;
			baseConfigurationReference = AAE8374A2C42B627656A8FC3 /* Pods-GenericProtocolUITests.debug.xcconfig */;
			buildSettings = {
				ALWAYS_EMBED_SWIFT_STANDARD_LIBRARIES = YES;
				INFOPLIST_FILE = GenericProtocolUITests/Info.plist;
				LD_RUNPATH_SEARCH_PATHS = "$(inherited) @executable_path/Frameworks @loader_path/Frameworks";
				PRODUCT_BUNDLE_IDENTIFIER = fr.plop.GenericProtocolUITests;
				PRODUCT_NAME = "$(TARGET_NAME)";
				SWIFT_VERSION = 3.0;
				TEST_TARGET_NAME = GenericProtocol;
			};
			name = Debug;
		};
		11B3F04B1F2226D100CA1575 /* Release */ = {
			isa = XCBuildConfiguration;
			baseConfigurationReference = E1A54383292941B61B1D81A5 /* Pods-GenericProtocolUITests.release.xcconfig */;
			buildSettings = {
				ALWAYS_EMBED_SWIFT_STANDARD_LIBRARIES = YES;
				INFOPLIST_FILE = GenericProtocolUITests/Info.plist;
				LD_RUNPATH_SEARCH_PATHS = "$(inherited) @executable_path/Frameworks @loader_path/Frameworks";
				PRODUCT_BUNDLE_IDENTIFIER = fr.plop.GenericProtocolUITests;
				PRODUCT_NAME = "$(TARGET_NAME)";
				SWIFT_VERSION = 3.0;
				TEST_TARGET_NAME = GenericProtocol;
			};
			name = Release;
		};
/* End XCBuildConfiguration section */

/* Begin XCConfigurationList section */
		11B3F0161F2226D100CA1575 /* Build configuration list for PBXProject "GenericProtocol" */ = {
			isa = XCConfigurationList;
			buildConfigurations = (
				11B3F0411F2226D100CA1575 /* Debug */,
				11B3F0421F2226D100CA1575 /* Release */,
			);
			defaultConfigurationIsVisible = 0;
			defaultConfigurationName = Release;
		};
		11B3F0431F2226D100CA1575 /* Build configuration list for PBXNativeTarget "GenericProtocol" */ = {
			isa = XCConfigurationList;
			buildConfigurations = (
				11B3F0441F2226D100CA1575 /* Debug */,
				11B3F0451F2226D100CA1575 /* Release */,
			);
			defaultConfigurationIsVisible = 0;
			defaultConfigurationName = Release;
		};
		11B3F0461F2226D100CA1575 /* Build configuration list for PBXNativeTarget "GenericProtocolTests" */ = {
			isa = XCConfigurationList;
			buildConfigurations = (
				11B3F0471F2226D100CA1575 /* Debug */,
				11B3F0481F2226D100CA1575 /* Release */,
			);
			defaultConfigurationIsVisible = 0;
			defaultConfigurationName = Release;
		};
		11B3F0491F2226D100CA1575 /* Build configuration list for PBXNativeTarget "GenericProtocolUITests" */ = {
			isa = XCConfigurationList;
			buildConfigurations = (
				11B3F04A1F2226D100CA1575 /* Debug */,
				11B3F04B1F2226D100CA1575 /* Release */,
			);
			defaultConfigurationIsVisible = 0;
			defaultConfigurationName = Release;
		};
/* End XCConfigurationList section */
	};
	rootObject = 11B3F0131F2226D100CA1575 /* Project object */;
}
